<?xml version="1.0" encoding="utf-8"?>
<Project ToolsVersion="4.0" xmlns="http://schemas.microsoft.com/developer/msbuild/2003">
  <ItemGroup>
    <Filter Include="Source Files">
      <UniqueIdentifier>{4FC737F1-C7A5-4376-A066-2A32D752A2FF}</UniqueIdentifier>
      <Extensions>cpp;c;cc;cxx;def;odl;idl;hpj;bat;asm;asmx</Extensions>
    </Filter>
    <Filter Include="Header Files">
      <UniqueIdentifier>{93995380-89BD-4b04-88EB-625FBE52EBFB}</UniqueIdentifier>
      <Extensions>h;hh;hpp;hxx;hm;inl;inc;ipp;xsd</Extensions>
    </Filter>
    <Filter Include="Resource Files">
      <UniqueIdentifier>{67DA6AB6-F800-4c08-8B7A-83BB121AAD01}</UniqueIdentifier>
      <Extensions>rc;ico;cur;bmp;dlg;rc2;rct;bin;rgs;gif;jpg;jpeg;jpe;resx;tiff;tif;png;wav;mfcribbon-ms</Extensions>
    </Filter>
  </ItemGroup>
  <ItemGroup>
    <ClInclude Include="framework.h">
      <Filter>Header Files</Filter>
    </ClInclude>
    <ClInclude Include="targetver.h">
      <Filter>Header Files</Filter>
    </ClInclude>
    <ClInclude Include="Resource.h">
      <Filter>Header Files</Filter>
    </ClInclude>
    <ClInclude Include="WindowsProject2.h">
      <Filter>Header Files</Filter>
    </ClInclude>
    <ClInclude Include="Pages.h">
      <Filter>Header Files</Filter>
    </ClInclude>
    <ClInclude Include="DBhandler.h">
      <Filter>Header Files</Filter>
    </ClInclude>
    <ClInclude Include="userModel.h">
      <Filter>Header Files</Filter>
    </ClInclude>
    <ClInclude Include="Base64.h">
      <Filter>Header Files</Filter>
    </ClInclude>
    <ClInclude Include="loginpage.h">
      <Filter>Header Files</Filter>
    </ClInclude>
    <ClInclude Include="adminpage.h">
      <Filter>Header Files</Filter>
    </ClInclude>
    <ClInclude Include="equipModel.h">
      <Filter>Header Files</Filter>
    </ClInclude>
    <ClInclude Include="employeeModel.h">
      <Filter>Header Files</Filter>
    </ClInclude>
    <ClInclude Include="processModel.h">
      <Filter>Header Files</Filter>
    </ClInclude>
    <ClInclude Include="faultModel.h">
      <Filter>Header Files</Filter>
    </ClInclude>
    <ClInclude Include="inputpage.h">
      <Filter>Header Files</Filter>
    </ClInclude>
    <ClInclude Include="dataModel.h">
      <Filter>Header Files</Filter>
    </ClInclude>
    <ClInclude Include="outputpage.h">
      <Filter>Header Files</Filter>
    </ClInclude>
    <ClInclude Include="respModel.h">
      <Filter>Header Files</Filter>
    </ClInclude>
    <ClInclude Include="dbbackuppage.h">
      <Filter>Header Files</Filter>
    </ClInclude>
    <ClInclude Include="Logger.h">
      <Filter>Header Files</Filter>
    </ClInclude>
    <ClInclude Include="Utilities.h">
      <Filter>Header Files</Filter>
    </ClInclude>
    <ClInclude Include="CDateTime.h">
      <Filter>Header Files</Filter>
    </ClInclude>
    <ClInclude Include="apuserlog.h">
      <Filter>Header Files</Filter>
    </ClInclude>
  </ItemGroup>
  <ItemGroup>
    <ClCompile Include="WindowsProject2.cpp">
      <Filter>Source Files</Filter>
    </ClCompile>
    <ClCompile Include="homepage.cpp">
      <Filter>Source Files</Filter>
    </ClCompile>
    <ClCompile Include="loginpage.cpp">
      <Filter>Source Files</Filter>
    </ClCompile>
    <ClCompile Include="DBhandler.cpp">
      <Filter>Source Files</Filter>
    </ClCompile>
    <ClCompile Include="userModel.cpp">
      <Filter>Source Files</Filter>
    </ClCompile>
    <ClCompile Include="Base64.cpp">
      <Filter>Source Files</Filter>
    </ClCompile>
    <ClCompile Include="adminpage.cpp">
      <Filter>Source Files</Filter>
    </ClCompile>
    <ClCompile Include="equipModel.cpp">
      <Filter>Source Files</Filter>
    </ClCompile>
    <ClCompile Include="employeeModel.cpp">
      <Filter>Source Files</Filter>
    </ClCompile>
    <ClCompile Include="processModel.cpp">
      <Filter>Source Files</Filter>
    </ClCompile>
    <ClCompile Include="faultModel.cpp">
      <Filter>Source Files</Filter>
    </ClCompile>
    <ClCompile Include="inputpage.cpp">
      <Filter>Source Files</Filter>
    </ClCompile>
    <ClCompile Include="dataModel.cpp">
      <Filter>Source Files</Filter>
    </ClCompile>
    <ClCompile Include="outputpage.cpp">
      <Filter>Source Files</Filter>
    </ClCompile>
    <ClCompile Include="respModel.cpp">
      <Filter>Source Files</Filter>
    </ClCompile>
    <ClCompile Include="dbbackuppage.cpp">
      <Filter>Source Files</Filter>
    </ClCompile>
    <ClCompile Include="Logger.cpp">
      <Filter>Source Files</Filter>
    </ClCompile>
    <ClCompile Include="CDateTime.cpp">
      <Filter>Source Files</Filter>
    </ClCompile>
    <ClCompile Include="apuserlog.cpp">
      <Filter>Source Files</Filter>
    </ClCompile>
  </ItemGroup>
  <ItemGroup>
    <ResourceCompile Include="WindowsProject2.rc">
      <Filter>Resource Files</Filter>
    </ResourceCompile>
  </ItemGroup>
  <ItemGroup>
    <Image Include="small.ico">
      <Filter>Resource Files</Filter>
    </Image>
    <Image Include="WindowsProject2.ico">
      <Filter>Resource Files</Filter>
    </Image>
    <Image Include="..\..\..\..\Desktop\fm.bmp">
      <Filter>Resource Files</Filter>
    </Image>
    <Image Include="..\..\..\..\Downloads\WhatsApp Image 2020-02-08 at 19.47.25.jpeg">
      <Filter>Resource Files</Filter>
    </Image>
    <Image Include="bitmap1.bmp">
      <Filter>Resource Files</Filter>
    </Image>
  </ItemGroup>
  <ItemGroup>
    <None Include="packages.config" />
  </ItemGroup>
</Project>